
Microsoft Visual Studio Solution File, Format Version 12.00
# Visual Studio Version 18
VisualStudioVersion = 18.0.11205.157
MinimumVisualStudioVersion = 10.0.40219.1
Project("{FAE04EC0-301F-11D3-BF4B-00C04F79EFBC}") = "littleShop", "littleShop\littleShop.csproj", "{9036DDF8-C4DB-4381-8970-12C8C969D5D9}"
EndProject
Project("{FAE04EC0-301F-11D3-BF4B-00C04F79EFBC}") = "littleShop.identity", "littleShop.identity\littleShop.identity.csproj", "{630EE002-8D12-B506-2D48-C49824FFDE8B}"
EndProject
Project("{54A90642-561A-4BB1-A94E-469ADEE60C69}") = "littleshop.frontend", "littleshop.frontend\littleshop.frontend.esproj", "{A81E9D18-3A28-CEA6-6C7A-85372F12C9DF}"
EndProject
Project("{FAE04EC0-301F-11D3-BF4B-00C04F79EFBC}") = "littleshop.serviceDefaults", "littleshop.serviceDefaults\littleshop.serviceDefaults.csproj", "{F642EAEB-813E-4F8C-87AD-043028625D4B}"
EndProject
Project("{FAE04EC0-301F-11D3-BF4B-00C04F79EFBC}") = "littleshop.apiGateway", "littleshop.ApiGateway\littleshop.apiGateway.csproj", "{9DAF7F9D-9C30-1746-4C2F-FEF486ABF977}"
EndProject
Project("{2150E333-8FDC-42A3-9474-1A3956D46DE8}") = "Elementos de la solución", "Elementos de la solución", "{B122B756-3E9B-4328-9964-426DA7F7A2DF}"
	ProjectSection(SolutionItems) = preProject
		Directory.Packages.props = Directory.Packages.props
		load-test.js = load-test.js
	EndProjectSection
EndProject
Project("{FAE04EC0-301F-11D3-BF4B-00C04F79EFBC}") = "littleShop.catalog", "littleShop.catalog\littleShop.catalog.csproj", "{D150B7BA-B575-E630-71E6-1022FC57B909}"
EndProject
Project("{FAE04EC0-301F-11D3-BF4B-00C04F79EFBC}") = "littleShop.orders", "littleShop.orders\littleShop.orders.csproj", "{A486FA0A-9B83-CAAF-997A-77D092D7765F}"
EndProject
Project("{FAE04EC0-301F-11D3-BF4B-00C04F79EFBC}") = "littleShop.notifications", "littleShop.notifications\littleShop.notifications.csproj", "{B0FE1D5A-5D8D-FF5E-F4B2-70789AC850A4}"
EndProject
Project("{FAE04EC0-301F-11D3-BF4B-00C04F79EFBC}") = "littleShop.Shared", "littleShop.Shared\littleShop.Shared.csproj", "{F63EC78D-A71A-434E-9D6D-0BCF6944B469}"
EndProject
Project("{FAE04EC0-301F-11D3-BF4B-00C04F79EFBC}") = "littleShop.identity.Tests", "littleShop.identity.Tests\littleShop.identity.Tests.csproj", "{BEBC003D-BED7-4E63-B17D-81DA002A3259}"
EndProject
Project("{FAE04EC0-301F-11D3-BF4B-00C04F79EFBC}") = "littleShop.catalog.Tests", "littleShop.catalog.Tests\littleShop.catalog.Tests.csproj", "{75AFF563-04B3-4388-AE2F-16E536BE83F0}"
EndProject
Project("{FAE04EC0-301F-11D3-BF4B-00C04F79EFBC}") = "littleShop.orders.Tests", "littleShop.orders.Tests\littleShop.orders.Tests.csproj", "{4B40121A-4EB9-4E4A-A9F7-EDA125BE90C8}"
EndProject
Project("{2150E333-8FDC-42A3-9474-1A3956D46DE8}") = "tests", "tests", "{2F231BB0-4271-45F5-AEFB-833183E70513}"
	ProjectSection(SolutionItems) = preProject
		tests\catalog-api-test.json = tests\catalog-api-test.json
		tests\identity-api-test.json = tests\identity-api-test.json
		tests\orders-api-test.json = tests\orders-api-test.json
	EndProjectSection
EndProject
Project("{2150E333-8FDC-42A3-9474-1A3956D46DE8}") = ".github", ".github", "{5E65F73F-8849-47FC-8000-49C0AF1E3509}"
EndProject
Project("{2150E333-8FDC-42A3-9474-1A3956D46DE8}") = "workflows", "workflows", "{CDB39AF3-7697-4C44-9497-449DC697A11B}"
	ProjectSection(SolutionItems) = preProject
		.github\workflows\catalog-pipeline.yml = .github\workflows\catalog-pipeline.yml
		.github\workflows\identity-pipeline.yml = .github\workflows\identity-pipeline.yml
		.github\workflows\orders-pipeline.yml = .github\workflows\orders-pipeline.yml
	EndProjectSection
EndProject
Global
	GlobalSection(SolutionConfigurationPlatforms) = preSolution
		Debug|Any CPU = Debug|Any CPU
		Release|Any CPU = Release|Any CPU
	EndGlobalSection
	GlobalSection(ProjectConfigurationPlatforms) = postSolution
		{9036DDF8-C4DB-4381-8970-12C8C969D5D9}.Debug|Any CPU.ActiveCfg = Debug|Any CPU
		{9036DDF8-C4DB-4381-8970-12C8C969D5D9}.Debug|Any CPU.Build.0 = Debug|Any CPU
		{9036DDF8-C4DB-4381-8970-12C8C969D5D9}.Release|Any CPU.ActiveCfg = Release|Any CPU
		{9036DDF8-C4DB-4381-8970-12C8C969D5D9}.Release|Any CPU.Build.0 = Release|Any CPU
		{630EE002-8D12-B506-2D48-C49824FFDE8B}.Debug|Any CPU.ActiveCfg = Debug|Any CPU
		{630EE002-8D12-B506-2D48-C49824FFDE8B}.Debug|Any CPU.Build.0 = Debug|Any CPU
		{630EE002-8D12-B506-2D48-C49824FFDE8B}.Release|Any CPU.ActiveCfg = Release|Any CPU
		{630EE002-8D12-B506-2D48-C49824FFDE8B}.Release|Any CPU.Build.0 = Release|Any CPU
		{A81E9D18-3A28-CEA6-6C7A-85372F12C9DF}.Debug|Any CPU.ActiveCfg = Debug|Any CPU
		{A81E9D18-3A28-CEA6-6C7A-85372F12C9DF}.Debug|Any CPU.Build.0 = Debug|Any CPU
		{A81E9D18-3A28-CEA6-6C7A-85372F12C9DF}.Debug|Any CPU.Deploy.0 = Debug|Any CPU
		{A81E9D18-3A28-CEA6-6C7A-85372F12C9DF}.Release|Any CPU.ActiveCfg = Release|Any CPU
		{A81E9D18-3A28-CEA6-6C7A-85372F12C9DF}.Release|Any CPU.Build.0 = Release|Any CPU
		{A81E9D18-3A28-CEA6-6C7A-85372F12C9DF}.Release|Any CPU.Deploy.0 = Release|Any CPU
		{F642EAEB-813E-4F8C-87AD-043028625D4B}.Debug|Any CPU.ActiveCfg = Debug|Any CPU
		{F642EAEB-813E-4F8C-87AD-043028625D4B}.Debug|Any CPU.Build.0 = Debug|Any CPU
		{F642EAEB-813E-4F8C-87AD-043028625D4B}.Release|Any CPU.ActiveCfg = Release|Any CPU
		{F642EAEB-813E-4F8C-87AD-043028625D4B}.Release|Any CPU.Build.0 = Release|Any CPU
		{9DAF7F9D-9C30-1746-4C2F-FEF486ABF977}.Debug|Any CPU.ActiveCfg = Debug|Any CPU
		{9DAF7F9D-9C30-1746-4C2F-FEF486ABF977}.Debug|Any CPU.Build.0 = Debug|Any CPU
		{9DAF7F9D-9C30-1746-4C2F-FEF486ABF977}.Release|Any CPU.ActiveCfg = Release|Any CPU
		{9DAF7F9D-9C30-1746-4C2F-FEF486ABF977}.Release|Any CPU.Build.0 = Release|Any CPU
		{D150B7BA-B575-E630-71E6-1022FC57B909}.Debug|Any CPU.ActiveCfg = Debug|Any CPU
		{D150B7BA-B575-E630-71E6-1022FC57B909}.Debug|Any CPU.Build.0 = Debug|Any CPU
		{D150B7BA-B575-E630-71E6-1022FC57B909}.Release|Any CPU.ActiveCfg = Release|Any CPU
		{D150B7BA-B575-E630-71E6-1022FC57B909}.Release|Any CPU.Build.0 = Release|Any CPU
		{A486FA0A-9B83-CAAF-997A-77D092D7765F}.Debug|Any CPU.ActiveCfg = Debug|Any CPU
		{A486FA0A-9B83-CAAF-997A-77D092D7765F}.Debug|Any CPU.Build.0 = Debug|Any CPU
		{A486FA0A-9B83-CAAF-997A-77D092D7765F}.Release|Any CPU.ActiveCfg = Release|Any CPU
		{A486FA0A-9B83-CAAF-997A-77D092D7765F}.Release|Any CPU.Build.0 = Release|Any CPU
		{B0FE1D5A-5D8D-FF5E-F4B2-70789AC850A4}.Debug|Any CPU.ActiveCfg = Debug|Any CPU
		{B0FE1D5A-5D8D-FF5E-F4B2-70789AC850A4}.Debug|Any CPU.Build.0 = Debug|Any CPU
		{B0FE1D5A-5D8D-FF5E-F4B2-70789AC850A4}.Release|Any CPU.ActiveCfg = Release|Any CPU
		{B0FE1D5A-5D8D-FF5E-F4B2-70789AC850A4}.Release|Any CPU.Build.0 = Release|Any CPU
		{F63EC78D-A71A-434E-9D6D-0BCF6944B469}.Debug|Any CPU.ActiveCfg = Debug|Any CPU
		{F63EC78D-A71A-434E-9D6D-0BCF6944B469}.Debug|Any CPU.Build.0 = Debug|Any CPU
		{F63EC78D-A71A-434E-9D6D-0BCF6944B469}.Release|Any CPU.ActiveCfg = Release|Any CPU
		{F63EC78D-A71A-434E-9D6D-0BCF6944B469}.Release|Any CPU.Build.0 = Release|Any CPU
		{BEBC003D-BED7-4E63-B17D-81DA002A3259}.Debug|Any CPU.ActiveCfg = Debug|Any CPU
		{BEBC003D-BED7-4E63-B17D-81DA002A3259}.Debug|Any CPU.Build.0 = Debug|Any CPU
		{BEBC003D-BED7-4E63-B17D-81DA002A3259}.Release|Any CPU.ActiveCfg = Release|Any CPU
		{BEBC003D-BED7-4E63-B17D-81DA002A3259}.Release|Any CPU.Build.0 = Release|Any CPU
		{75AFF563-04B3-4388-AE2F-16E536BE83F0}.Debug|Any CPU.ActiveCfg = Debug|Any CPU
		{75AFF563-04B3-4388-AE2F-16E536BE83F0}.Debug|Any CPU.Build.0 = Debug|Any CPU
		{75AFF563-04B3-4388-AE2F-16E536BE83F0}.Release|Any CPU.ActiveCfg = Release|Any CPU
		{75AFF563-04B3-4388-AE2F-16E536BE83F0}.Release|Any CPU.Build.0 = Release|Any CPU
		{4B40121A-4EB9-4E4A-A9F7-EDA125BE90C8}.Debug|Any CPU.ActiveCfg = Debug|Any CPU
		{4B40121A-4EB9-4E4A-A9F7-EDA125BE90C8}.Debug|Any CPU.Build.0 = Debug|Any CPU
		{4B40121A-4EB9-4E4A-A9F7-EDA125BE90C8}.Release|Any CPU.ActiveCfg = Release|Any CPU
		{4B40121A-4EB9-4E4A-A9F7-EDA125BE90C8}.Release|Any CPU.Build.0 = Release|Any CPU
	EndGlobalSection
	GlobalSection(SolutionProperties) = preSolution
		HideSolutionNode = FALSE
	EndGlobalSection
	GlobalSection(NestedProjects) = preSolution
		{CDB39AF3-7697-4C44-9497-449DC697A11B} = {5E65F73F-8849-47FC-8000-49C0AF1E3509}
	EndGlobalSection
	GlobalSection(ExtensibilityGlobals) = postSolution
		SolutionGuid = {A7A5272B-9BA1-493F-8598-4CEDA18376B5}
	EndGlobalSection
EndGlobal
